
Microsoft Visual Studio Solution File, Format Version 12.00
# Visual Studio Version 16
VisualStudioVersion = 16.0.31702.278
MinimumVisualStudioVersion = 10.0.40219.1
Project("{FAE04EC0-301F-11D3-BF4B-00C04F79EFBC}") = "RecursiveArraySum", "RecursiveArraySum\RecursiveArraySum.csproj", "{1B78F7ED-4EB7-4224-93AD-658800129632}"
EndProject
Project("{FAE04EC0-301F-11D3-BF4B-00C04F79EFBC}") = "RecursiveFactorial", "RecursiveFactorial\RecursiveFactorial.csproj", "{3EDAF7F4-4AC5-445F-8D5D-6B4C43D58620}"
EndProject
Global
	GlobalSection(SolutionConfigurationPlatforms) = preSolution
		Debug|Any CPU = Debug|Any CPU
		Release|Any CPU = Release|Any CPU
	EndGlobalSection
	GlobalSection(ProjectConfigurationPlatforms) = postSolution
		{1B78F7ED-4EB7-4224-93AD-658800129632}.Debug|Any CPU.ActiveCfg = Debug|Any CPU
		{1B78F7ED-4EB7-4224-93AD-658800129632}.Debug|Any CPU.Build.0 = Debug|Any CPU
		{1B78F7ED-4EB7-4224-93AD-658800129632}.Release|Any CPU.ActiveCfg = Release|Any CPU
		{1B78F7ED-4EB7-4224-93AD-658800129632}.Release|Any CPU.Build.0 = Release|Any CPU
		{3EDAF7F4-4AC5-445F-8D5D-6B4C43D58620}.Debug|Any CPU.ActiveCfg = Debug|Any CPU
		{3EDAF7F4-4AC5-445F-8D5D-6B4C43D58620}.Debug|Any CPU.Build.0 = Debug|Any CPU
		{3EDAF7F4-4AC5-445F-8D5D-6B4C43D58620}.Release|Any CPU.ActiveCfg = Release|Any CPU
		{3EDAF7F4-4AC5-445F-8D5D-6B4C43D58620}.Release|Any CPU.Build.0 = Release|Any CPU
	EndGlobalSection
	GlobalSection(SolutionProperties) = preSolution
		HideSolutionNode = FALSE
	EndGlobalSection
	GlobalSection(ExtensibilityGlobals) = postSolution
		SolutionGuid = {68A9D3E5-AD2E-4347-8149-517E13A3AD6D}
	EndGlobalSection
EndGlobal
